
Microsoft Visual Studio Solution File, Format Version 12.00
# Visual Studio 14
VisualStudioVersion = 14.0.25420.1
MinimumVisualStudioVersion = 10.0.40219.1
Project("{FAE04EC0-301F-11D3-BF4B-00C04F79EFBC}") = "KotOR_IO", "KotOR_IO\KotOR_IO.csproj", "{DDB8235B-7C51-4810-83EC-837BF040DFC2}"
EndProject
Project("{FAE04EC0-301F-11D3-BF4B-00C04F79EFBC}") = "test8", "test8\test8.csproj", "{ABF89826-3445-433D-8CE9-F87DA18DA009}"
EndProject
Global
	GlobalSection(SolutionConfigurationPlatforms) = preSolution
		Debug|Any CPU = Debug|Any CPU
		Release|Any CPU = Release|Any CPU
	EndGlobalSection
	GlobalSection(ProjectConfigurationPlatforms) = postSolution
		{DDB8235B-7C51-4810-83EC-837BF040DFC2}.Debug|Any CPU.ActiveCfg = Debug|Any CPU
		{DDB8235B-7C51-4810-83EC-837BF040DFC2}.Debug|Any CPU.Build.0 = Debug|Any CPU
		{DDB8235B-7C51-4810-83EC-837BF040DFC2}.Release|Any CPU.ActiveCfg = Release|Any CPU
		{DDB8235B-7C51-4810-83EC-837BF040DFC2}.Release|Any CPU.Build.0 = Release|Any CPU
		{ABF89826-3445-433D-8CE9-F87DA18DA009}.Debug|Any CPU.ActiveCfg = Debug|Any CPU
		{ABF89826-3445-433D-8CE9-F87DA18DA009}.Debug|Any CPU.Build.0 = Debug|Any CPU
		{ABF89826-3445-433D-8CE9-F87DA18DA009}.Release|Any CPU.ActiveCfg = Release|Any CPU
		{ABF89826-3445-433D-8CE9-F87DA18DA009}.Release|Any CPU.Build.0 = Release|Any CPU
	EndGlobalSection
	GlobalSection(SolutionProperties) = preSolution
		HideSolutionNode = FALSE
	EndGlobalSection
EndGlobal
